// !$*UTF8*$!
{
	archiveVersion = 1;
	classes = {
	};
	objectVersion = 48;
	objects = {

/* Begin PBXBuildFile section */
		1B7B3497D720D8E7BF3F9EDE /* Pods_TwitterDemoUITests.framework in Frameworks */ = {isa = PBXBuildFile; fileRef = 597053EE43962FDE281002DA /* Pods_TwitterDemoUITests.framework */; };
		1C562BDC1F7A63E5000C0C4A /* AppDelegate.swift in Sources */ = {isa = PBXBuildFile; fileRef = 1C562BDB1F7A63E5000C0C4A /* AppDelegate.swift */; };
		1C562BE31F7A63E5000C0C4A /* Assets.xcassets in Resources */ = {isa = PBXBuildFile; fileRef = 1C562BE21F7A63E5000C0C4A /* Assets.xcassets */; };
		1C562BE61F7A63E5000C0C4A /* LaunchScreen.storyboard in Resources */ = {isa = PBXBuildFile; fileRef = 1C562BE41F7A63E5000C0C4A /* LaunchScreen.storyboard */; };
		1C562BF11F7A63E5000C0C4A /* TwitterDemoTests.swift in Sources */ = {isa = PBXBuildFile; fileRef = 1C562BF01F7A63E5000C0C4A /* TwitterDemoTests.swift */; };
		1C562BFC1F7A63E5000C0C4A /* TwitterDemoUITests.swift in Sources */ = {isa = PBXBuildFile; fileRef = 1C562BFB1F7A63E5000C0C4A /* TwitterDemoUITests.swift */; };
		1C5FDFB31F7A6FFC001D8713 /* HomeDataSourceController.swift in Sources */ = {isa = PBXBuildFile; fileRef = 1C5FDFB21F7A6FFC001D8713 /* HomeDataSourceController.swift */; };
		1C5FDFB91F7A7C77001D8713 /* Cell.swift in Sources */ = {isa = PBXBuildFile; fileRef = 1C5FDFB81F7A7C77001D8713 /* Cell.swift */; };
		1C5FDFBB1F7A7CA6001D8713 /* HomeDataSource.swift in Sources */ = {isa = PBXBuildFile; fileRef = 1C5FDFBA1F7A7CA6001D8713 /* HomeDataSource.swift */; };
		2FF512264A0BC93A37AB735D /* Pods_TwitterDemoTests.framework in Frameworks */ = {isa = PBXBuildFile; fileRef = 6831AC281DAC68FD1B151CD5 /* Pods_TwitterDemoTests.framework */; };
		7B9CFFD84F57B1D4D861E09A /* Pods_TwitterDemo.framework in Frameworks */ = {isa = PBXBuildFile; fileRef = BFA58E38AF31633A2B047121 /* Pods_TwitterDemo.framework */; };
/* End PBXBuildFile section */

/* Begin PBXContainerItemProxy section */
		1C562BED1F7A63E5000C0C4A /* PBXContainerItemProxy */ = {
			isa = PBXContainerItemProxy;
			containerPortal = 1C562BD01F7A63E5000C0C4A /* Project object */;
			proxyType = 1;
			remoteGlobalIDString = 1C562BD71F7A63E5000C0C4A;
			remoteInfo = TwitterDemo;
		};
		1C562BF81F7A63E5000C0C4A /* PBXContainerItemProxy */ = {
			isa = PBXContainerItemProxy;
			containerPortal = 1C562BD01F7A63E5000C0C4A /* Project object */;
			proxyType = 1;
			remoteGlobalIDString = 1C562BD71F7A63E5000C0C4A;
			remoteInfo = TwitterDemo;
		};
/* End PBXContainerItemProxy section */

/* Begin PBXFileReference section */
		1C562BD81F7A63E5000C0C4A /* TwitterDemo.app */ = {isa = PBXFileReference; explicitFileType = wrapper.application; includeInIndex = 0; path = TwitterDemo.app; sourceTree = BUILT_PRODUCTS_DIR; };
		1C562BDB1F7A63E5000C0C4A /* AppDelegate.swift */ = {isa = PBXFileReference; lastKnownFileType = sourcecode.swift; path = AppDelegate.swift; sourceTree = "<group>"; };
		1C562BE21F7A63E5000C0C4A /* Assets.xcassets */ = {isa = PBXFileReference; lastKnownFileType = folder.assetcatalog; path = Assets.xcassets; sourceTree = "<group>"; };
		1C562BE51F7A63E5000C0C4A /* Base */ = {isa = PBXFileReference; lastKnownFileType = file.storyboard; name = Base; path = Base.lproj/LaunchScreen.storyboard; sourceTree = "<group>"; };
		1C562BE71F7A63E5000C0C4A /* Info.plist */ = {isa = PBXFileReference; lastKnownFileType = text.plist.xml; path = Info.plist; sourceTree = "<group>"; };
		1C562BEC1F7A63E5000C0C4A /* TwitterDemoTests.xctest */ = {isa = PBXFileReference; explicitFileType = wrapper.cfbundle; includeInIndex = 0; path = TwitterDemoTests.xctest; sourceTree = BUILT_PRODUCTS_DIR; };
		1C562BF01F7A63E5000C0C4A /* TwitterDemoTests.swift */ = {isa = PBXFileReference; lastKnownFileType = sourcecode.swift; path = TwitterDemoTests.swift; sourceTree = "<group>"; };
		1C562BF21F7A63E5000C0C4A /* Info.plist */ = {isa = PBXFileReference; lastKnownFileType = text.plist.xml; path = Info.plist; sourceTree = "<group>"; };
		1C562BF71F7A63E5000C0C4A /* TwitterDemoUITests.xctest */ = {isa = PBXFileReference; explicitFileType = wrapper.cfbundle; includeInIndex = 0; path = TwitterDemoUITests.xctest; sourceTree = BUILT_PRODUCTS_DIR; };
		1C562BFB1F7A63E5000C0C4A /* TwitterDemoUITests.swift */ = {isa = PBXFileReference; lastKnownFileType = sourcecode.swift; path = TwitterDemoUITests.swift; sourceTree = "<group>"; };
		1C562BFD1F7A63E6000C0C4A /* Info.plist */ = {isa = PBXFileReference; lastKnownFileType = text.plist.xml; path = Info.plist; sourceTree = "<group>"; };
		1C5FDFB21F7A6FFC001D8713 /* HomeDataSourceController.swift */ = {isa = PBXFileReference; lastKnownFileType = sourcecode.swift; path = HomeDataSourceController.swift; sourceTree = "<group>"; };
		1C5FDFB81F7A7C77001D8713 /* Cell.swift */ = {isa = PBXFileReference; lastKnownFileType = sourcecode.swift; path = Cell.swift; sourceTree = "<group>"; };
		1C5FDFBA1F7A7CA6001D8713 /* HomeDataSource.swift */ = {isa = PBXFileReference; lastKnownFileType = sourcecode.swift; path = HomeDataSource.swift; sourceTree = "<group>"; };
		2846CB406F180A4AFA4E03C8 /* Pods-TwitterDemoUITests.debug.xcconfig */ = {isa = PBXFileReference; includeInIndex = 1; lastKnownFileType = text.xcconfig; name = "Pods-TwitterDemoUITests.debug.xcconfig"; path = "Pods/Target Support Files/Pods-TwitterDemoUITests/Pods-TwitterDemoUITests.debug.xcconfig"; sourceTree = "<group>"; };
		520B60FAA75D56920C568B71 /* Pods-TwitterDemo.debug.xcconfig */ = {isa = PBXFileReference; includeInIndex = 1; lastKnownFileType = text.xcconfig; name = "Pods-TwitterDemo.debug.xcconfig"; path = "Pods/Target Support Files/Pods-TwitterDemo/Pods-TwitterDemo.debug.xcconfig"; sourceTree = "<group>"; };
		597053EE43962FDE281002DA /* Pods_TwitterDemoUITests.framework */ = {isa = PBXFileReference; explicitFileType = wrapper.framework; includeInIndex = 0; path = Pods_TwitterDemoUITests.framework; sourceTree = BUILT_PRODUCTS_DIR; };
		6831AC281DAC68FD1B151CD5 /* Pods_TwitterDemoTests.framework */ = {isa = PBXFileReference; explicitFileType = wrapper.framework; includeInIndex = 0; path = Pods_TwitterDemoTests.framework; sourceTree = BUILT_PRODUCTS_DIR; };
		7A3184DB92FF55D9B821B3A5 /* Pods-TwitterDemo.release.xcconfig */ = {isa = PBXFileReference; includeInIndex = 1; lastKnownFileType = text.xcconfig; name = "Pods-TwitterDemo.release.xcconfig"; path = "Pods/Target Support Files/Pods-TwitterDemo/Pods-TwitterDemo.release.xcconfig"; sourceTree = "<group>"; };
		BA73F0081C52CAA7BDF8D132 /* Pods-TwitterDemoTests.debug.xcconfig */ = {isa = PBXFileReference; includeInIndex = 1; lastKnownFileType = text.xcconfig; name = "Pods-TwitterDemoTests.debug.xcconfig"; path = "Pods/Target Support Files/Pods-TwitterDemoTests/Pods-TwitterDemoTests.debug.xcconfig"; sourceTree = "<group>"; };
		BFA58E38AF31633A2B047121 /* Pods_TwitterDemo.framework */ = {isa = PBXFileReference; explicitFileType = wrapper.framework; includeInIndex = 0; path = Pods_TwitterDemo.framework; sourceTree = BUILT_PRODUCTS_DIR; };
		DA2BF5C792A3315B2335C5F3 /* Pods-TwitterDemoUITests.release.xcconfig */ = {isa = PBXFileReference; includeInIndex = 1; lastKnownFileType = text.xcconfig; name = "Pods-TwitterDemoUITests.release.xcconfig"; path = "Pods/Target Support Files/Pods-TwitterDemoUITests/Pods-TwitterDemoUITests.release.xcconfig"; sourceTree = "<group>"; };
		F405731F8265B6F74C3A42B7 /* Pods-TwitterDemoTests.release.xcconfig */ = {isa = PBXFileReference; includeInIndex = 1; lastKnownFileType = text.xcconfig; name = "Pods-TwitterDemoTests.release.xcconfig"; path = "Pods/Target Support Files/Pods-TwitterDemoTests/Pods-TwitterDemoTests.release.xcconfig"; sourceTree = "<group>"; };
/* End PBXFileReference section */

/* Begin PBXFrameworksBuildPhase section */
		1C562BD51F7A63E5000C0C4A /* Frameworks */ = {
			isa = PBXFrameworksBuildPhase;
			buildActionMask = 2147483647;
			files = (
				7B9CFFD84F57B1D4D861E09A /* Pods_TwitterDemo.framework in Frameworks */,
			);
			runOnlyForDeploymentPostprocessing = 0;
		};
		1C562BE91F7A63E5000C0C4A /* Frameworks */ = {
			isa = PBXFrameworksBuildPhase;
			buildActionMask = 2147483647;
			files = (
				2FF512264A0BC93A37AB735D /* Pods_TwitterDemoTests.framework in Frameworks */,
			);
			runOnlyForDeploymentPostprocessing = 0;
		};
		1C562BF41F7A63E5000C0C4A /* Frameworks */ = {
			isa = PBXFrameworksBuildPhase;
			buildActionMask = 2147483647;
			files = (
				1B7B3497D720D8E7BF3F9EDE /* Pods_TwitterDemoUITests.framework in Frameworks */,
			);
			runOnlyForDeploymentPostprocessing = 0;
		};
/* End PBXFrameworksBuildPhase section */

/* Begin PBXGroup section */
		1C562BCF1F7A63E5000C0C4A = {
			isa = PBXGroup;
			children = (
				1C562BDA1F7A63E5000C0C4A /* TwitterDemo */,
				1C562BEF1F7A63E5000C0C4A /* TwitterDemoTests */,
				1C562BFA1F7A63E5000C0C4A /* TwitterDemoUITests */,
				1C562BD91F7A63E5000C0C4A /* Products */,
				5D6A9E49E9B6C127D7A6A5E0 /* Pods */,
				CA23E0C54958F880E33C7B55 /* Frameworks */,
			);
			sourceTree = "<group>";
		};
		1C562BD91F7A63E5000C0C4A /* Products */ = {
			isa = PBXGroup;
			children = (
				1C562BD81F7A63E5000C0C4A /* TwitterDemo.app */,
				1C562BEC1F7A63E5000C0C4A /* TwitterDemoTests.xctest */,
				1C562BF71F7A63E5000C0C4A /* TwitterDemoUITests.xctest */,
			);
			name = Products;
			sourceTree = "<group>";
		};
		1C562BDA1F7A63E5000C0C4A /* TwitterDemo */ = {
			isa = PBXGroup;
			children = (
				1C5FDFB41F7A7BE3001D8713 /* Model */,
				1C5FDFB61F7A7BF8001D8713 /* View */,
				1C5FDFB71F7A7BFE001D8713 /* Controller */,
				1C562BDB1F7A63E5000C0C4A /* AppDelegate.swift */,
				1C562BE21F7A63E5000C0C4A /* Assets.xcassets */,
				1C562BE41F7A63E5000C0C4A /* LaunchScreen.storyboard */,
				1C562BE71F7A63E5000C0C4A /* Info.plist */,
			);
			path = TwitterDemo;
			sourceTree = "<group>";
		};
		1C562BEF1F7A63E5000C0C4A /* TwitterDemoTests */ = {
			isa = PBXGroup;
			children = (
				1C562BF01F7A63E5000C0C4A /* TwitterDemoTests.swift */,
				1C562BF21F7A63E5000C0C4A /* Info.plist */,
			);
			path = TwitterDemoTests;
			sourceTree = "<group>";
		};
		1C562BFA1F7A63E5000C0C4A /* TwitterDemoUITests */ = {
			isa = PBXGroup;
			children = (
				1C562BFB1F7A63E5000C0C4A /* TwitterDemoUITests.swift */,
				1C562BFD1F7A63E6000C0C4A /* Info.plist */,
			);
			path = TwitterDemoUITests;
			sourceTree = "<group>";
		};
		1C5FDFB41F7A7BE3001D8713 /* Model */ = {
			isa = PBXGroup;
			children = (
				1C5FDFBA1F7A7CA6001D8713 /* HomeDataSource.swift */,
			);
			path = Model;
			sourceTree = "<group>";
		};
		1C5FDFB61F7A7BF8001D8713 /* View */ = {
			isa = PBXGroup;
			children = (
				1C5FDFB81F7A7C77001D8713 /* Cell.swift */,
			);
			path = View;
			sourceTree = "<group>";
		};
		1C5FDFB71F7A7BFE001D8713 /* Controller */ = {
			isa = PBXGroup;
			children = (
				1C5FDFB21F7A6FFC001D8713 /* HomeDataSourceController.swift */,
			);
			path = Controller;
			sourceTree = "<group>";
		};
		5D6A9E49E9B6C127D7A6A5E0 /* Pods */ = {
			isa = PBXGroup;
			children = (
				520B60FAA75D56920C568B71 /* Pods-TwitterDemo.debug.xcconfig */,
				7A3184DB92FF55D9B821B3A5 /* Pods-TwitterDemo.release.xcconfig */,
				BA73F0081C52CAA7BDF8D132 /* Pods-TwitterDemoTests.debug.xcconfig */,
				F405731F8265B6F74C3A42B7 /* Pods-TwitterDemoTests.release.xcconfig */,
				2846CB406F180A4AFA4E03C8 /* Pods-TwitterDemoUITests.debug.xcconfig */,
				DA2BF5C792A3315B2335C5F3 /* Pods-TwitterDemoUITests.release.xcconfig */,
			);
			name = Pods;
			sourceTree = "<group>";
		};
		CA23E0C54958F880E33C7B55 /* Frameworks */ = {
			isa = PBXGroup;
			children = (
				BFA58E38AF31633A2B047121 /* Pods_TwitterDemo.framework */,
				6831AC281DAC68FD1B151CD5 /* Pods_TwitterDemoTests.framework */,
				597053EE43962FDE281002DA /* Pods_TwitterDemoUITests.framework */,
			);
			name = Frameworks;
			sourceTree = "<group>";
		};
/* End PBXGroup section */

/* Begin PBXNativeTarget section */
		1C562BD71F7A63E5000C0C4A /* TwitterDemo */ = {
			isa = PBXNativeTarget;
			buildConfigurationList = 1C562C001F7A63E6000C0C4A /* Build configuration list for PBXNativeTarget "TwitterDemo" */;
			buildPhases = (
				B5CA40D8BA1FCC79D468D2D6 /* [CP] Check Pods Manifest.lock */,
				1C562BD41F7A63E5000C0C4A /* Sources */,
				1C562BD51F7A63E5000C0C4A /* Frameworks */,
				1C562BD61F7A63E5000C0C4A /* Resources */,
				3CAD460D893BFED714AFA888 /* [CP] Embed Pods Frameworks */,
				B5D4F2E59258D7F328A59BD6 /* [CP] Copy Pods Resources */,
			);
			buildRules = (
			);
			dependencies = (
			);
			name = TwitterDemo;
			productName = TwitterDemo;
			productReference = 1C562BD81F7A63E5000C0C4A /* TwitterDemo.app */;
			productType = "com.apple.product-type.application";
		};
		1C562BEB1F7A63E5000C0C4A /* TwitterDemoTests */ = {
			isa = PBXNativeTarget;
			buildConfigurationList = 1C562C031F7A63E6000C0C4A /* Build configuration list for PBXNativeTarget "TwitterDemoTests" */;
			buildPhases = (
				F97BC206ED4F1F77E404E7C0 /* [CP] Check Pods Manifest.lock */,
				1C562BE81F7A63E5000C0C4A /* Sources */,
				1C562BE91F7A63E5000C0C4A /* Frameworks */,
				1C562BEA1F7A63E5000C0C4A /* Resources */,
				8DF6932214B292710458E594 /* [CP] Embed Pods Frameworks */,
				9A024A5F103DD35DB3C0AC9C /* [CP] Copy Pods Resources */,
			);
			buildRules = (
			);
			dependencies = (
				1C562BEE1F7A63E5000C0C4A /* PBXTargetDependency */,
			);
			name = TwitterDemoTests;
			productName = TwitterDemoTests;
			productReference = 1C562BEC1F7A63E5000C0C4A /* TwitterDemoTests.xctest */;
			productType = "com.apple.product-type.bundle.unit-test";
		};
		1C562BF61F7A63E5000C0C4A /* TwitterDemoUITests */ = {
			isa = PBXNativeTarget;
			buildConfigurationList = 1C562C061F7A63E6000C0C4A /* Build configuration list for PBXNativeTarget "TwitterDemoUITests" */;
			buildPhases = (
				34DCE938417C32AD7416C676 /* [CP] Check Pods Manifest.lock */,
				1C562BF31F7A63E5000C0C4A /* Sources */,
				1C562BF41F7A63E5000C0C4A /* Frameworks */,
				1C562BF51F7A63E5000C0C4A /* Resources */,
				DE1385485162E2D4B860102F /* [CP] Embed Pods Frameworks */,
				CD567FEF17F87A5FCE91E272 /* [CP] Copy Pods Resources */,
			);
			buildRules = (
			);
			dependencies = (
				1C562BF91F7A63E5000C0C4A /* PBXTargetDependency */,
			);
			name = TwitterDemoUITests;
			productName = TwitterDemoUITests;
			productReference = 1C562BF71F7A63E5000C0C4A /* TwitterDemoUITests.xctest */;
			productType = "com.apple.product-type.bundle.ui-testing";
		};
/* End PBXNativeTarget section */

/* Begin PBXProject section */
		1C562BD01F7A63E5000C0C4A /* Project object */ = {
			isa = PBXProject;
			attributes = {
				LastSwiftUpdateCheck = 0900;
				LastUpgradeCheck = 0900;
				ORGANIZATIONNAME = Danish;
				TargetAttributes = {
					1C562BD71F7A63E5000C0C4A = {
						CreatedOnToolsVersion = 9.0;
						ProvisioningStyle = Automatic;
					};
					1C562BEB1F7A63E5000C0C4A = {
						CreatedOnToolsVersion = 9.0;
						ProvisioningStyle = Automatic;
						TestTargetID = 1C562BD71F7A63E5000C0C4A;
					};
					1C562BF61F7A63E5000C0C4A = {
						CreatedOnToolsVersion = 9.0;
						ProvisioningStyle = Automatic;
						TestTargetID = 1C562BD71F7A63E5000C0C4A;
					};
				};
			};
			buildConfigurationList = 1C562BD31F7A63E5000C0C4A /* Build configuration list for PBXProject "TwitterDemo" */;
			compatibilityVersion = "Xcode 8.0";
			developmentRegion = en;
			hasScannedForEncodings = 0;
			knownRegions = (
				en,
				Base,
			);
			mainGroup = 1C562BCF1F7A63E5000C0C4A;
			productRefGroup = 1C562BD91F7A63E5000C0C4A /* Products */;
			projectDirPath = "";
			projectRoot = "";
			targets = (
				1C562BD71F7A63E5000C0C4A /* TwitterDemo */,
				1C562BEB1F7A63E5000C0C4A /* TwitterDemoTests */,
				1C562BF61F7A63E5000C0C4A /* TwitterDemoUITests */,
			);
		};
/* End PBXProject section */

/* Begin PBXResourcesBuildPhase section */
		1C562BD61F7A63E5000C0C4A /* Resources */ = {
			isa = PBXResourcesBuildPhase;
			buildActionMask = 2147483647;
			files = (
				1C562BE61F7A63E5000C0C4A /* LaunchScreen.storyboard in Resources */,
				1C562BE31F7A63E5000C0C4A /* Assets.xcassets in Resources */,
			);
			runOnlyForDeploymentPostprocessing = 0;
		};
		1C562BEA1F7A63E5000C0C4A /* Resources */ = {
			isa = PBXResourcesBuildPhase;
			buildActionMask = 2147483647;
			files = (
			);
			runOnlyForDeploymentPostprocessing = 0;
		};
		1C562BF51F7A63E5000C0C4A /* Resources */ = {
			isa = PBXResourcesBuildPhase;
			buildActionMask = 2147483647;
			files = (
			);
			runOnlyForDeploymentPostprocessing = 0;
		};
/* End PBXResourcesBuildPhase section */

/* Begin PBXShellScriptBuildPhase section */
		34DCE938417C32AD7416C676 /* [CP] Check Pods Manifest.lock */ = {
			isa = PBXShellScriptBuildPhase;
			buildActionMask = 2147483647;
			files = (
			);
			inputPaths = (
				"${PODS_PODFILE_DIR_PATH}/Podfile.lock",
				"${PODS_ROOT}/Manifest.lock",
			);
			name = "[CP] Check Pods Manifest.lock";
			outputPaths = (
				"$(DERIVED_FILE_DIR)/Pods-TwitterDemoUITests-checkManifestLockResult.txt",
			);
			runOnlyForDeploymentPostprocessing = 0;
			shellPath = /bin/sh;
			shellScript = "diff \"${PODS_PODFILE_DIR_PATH}/Podfile.lock\" \"${PODS_ROOT}/Manifest.lock\" > /dev/null\nif [ $? != 0 ] ; then\n    # print error to STDERR\n    echo \"error: The sandbox is not in sync with the Podfile.lock. Run 'pod install' or update your CocoaPods installation.\" >&2\n    exit 1\nfi\n# This output is used by Xcode 'outputs' to avoid re-running this script phase.\necho \"SUCCESS\" > \"${SCRIPT_OUTPUT_FILE_0}\"\n";
			showEnvVarsInLog = 0;
		};
		3CAD460D893BFED714AFA888 /* [CP] Embed Pods Frameworks */ = {
			isa = PBXShellScriptBuildPhase;
			buildActionMask = 2147483647;
			files = (
			);
			inputPaths = (
				"${SRCROOT}/Pods/Target Support Files/Pods-TwitterDemo/Pods-TwitterDemo-frameworks.sh",
				"${BUILT_PRODUCTS_DIR}/LBTAComponents/LBTAComponents.framework",
			);
			name = "[CP] Embed Pods Frameworks";
			outputPaths = (
				"${TARGET_BUILD_DIR}/${FRAMEWORKS_FOLDER_PATH}/LBTAComponents.framework",
			);
			runOnlyForDeploymentPostprocessing = 0;
			shellPath = /bin/sh;
			shellScript = "\"${SRCROOT}/Pods/Target Support Files/Pods-TwitterDemo/Pods-TwitterDemo-frameworks.sh\"\n";
			showEnvVarsInLog = 0;
		};
		8DF6932214B292710458E594 /* [CP] Embed Pods Frameworks */ = {
			isa = PBXShellScriptBuildPhase;
			buildActionMask = 2147483647;
			files = (
			);
			inputPaths = (
			);
			name = "[CP] Embed Pods Frameworks";
			outputPaths = (
			);
			runOnlyForDeploymentPostprocessing = 0;
			shellPath = /bin/sh;
			shellScript = "\"${SRCROOT}/Pods/Target Support Files/Pods-TwitterDemoTests/Pods-TwitterDemoTests-frameworks.sh\"\n";
			showEnvVarsInLog = 0;
		};
		9A024A5F103DD35DB3C0AC9C /* [CP] Copy Pods Resources */ = {
			isa = PBXShellScriptBuildPhase;
			buildActionMask = 2147483647;
			files = (
			);
			inputPaths = (
			);
			name = "[CP] Copy Pods Resources";
			outputPaths = (
			);
			runOnlyForDeploymentPostprocessing = 0;
			shellPath = /bin/sh;
			shellScript = "\"${SRCROOT}/Pods/Target Support Files/Pods-TwitterDemoTests/Pods-TwitterDemoTests-resources.sh\"\n";
			showEnvVarsInLog = 0;
		};
		B5CA40D8BA1FCC79D468D2D6 /* [CP] Check Pods Manifest.lock */ = {
			isa = PBXShellScriptBuildPhase;
			buildActionMask = 2147483647;
			files = (
			);
			inputPaths = (
				"${PODS_PODFILE_DIR_PATH}/Podfile.lock",
				"${PODS_ROOT}/Manifest.lock",
			);
			name = "[CP] Check Pods Manifest.lock";
			outputPaths = (
				"$(DERIVED_FILE_DIR)/Pods-TwitterDemo-checkManifestLockResult.txt",
			);
			runOnlyForDeploymentPostprocessing = 0;
			shellPath = /bin/sh;
			shellScript = "diff \"${PODS_PODFILE_DIR_PATH}/Podfile.lock\" \"${PODS_ROOT}/Manifest.lock\" > /dev/null\nif [ $? != 0 ] ; then\n    # print error to STDERR\n    echo \"error: The sandbox is not in sync with the Podfile.lock. Run 'pod install' or update your CocoaPods installation.\" >&2\n    exit 1\nfi\n# This output is used by Xcode 'outputs' to avoid re-running this script phase.\necho \"SUCCESS\" > \"${SCRIPT_OUTPUT_FILE_0}\"\n";
			showEnvVarsInLog = 0;
		};
		B5D4F2E59258D7F328A59BD6 /* [CP] Copy Pods Resources */ = {
			isa = PBXShellScriptBuildPhase;
			buildActionMask = 2147483647;
			files = (
			);
			inputPaths = (
			);
			name = "[CP] Copy Pods Resources";
			outputPaths = (
			);
			runOnlyForDeploymentPostprocessing = 0;
			shellPath = /bin/sh;
			shellScript = "\"${SRCROOT}/Pods/Target Support Files/Pods-TwitterDemo/Pods-TwitterDemo-resources.sh\"\n";
			showEnvVarsInLog = 0;
		};
		CD567FEF17F87A5FCE91E272 /* [CP] Copy Pods Resources */ = {
			isa = PBXShellScriptBuildPhase;
			buildActionMask = 2147483647;
			files = (
			);
			inputPaths = (
			);
			name = "[CP] Copy Pods Resources";
			outputPaths = (
			);
			runOnlyForDeploymentPostprocessing = 0;
			shellPath = /bin/sh;
			shellScript = "\"${SRCROOT}/Pods/Target Support Files/Pods-TwitterDemoUITests/Pods-TwitterDemoUITests-resources.sh\"\n";
			showEnvVarsInLog = 0;
		};
		DE1385485162E2D4B860102F /* [CP] Embed Pods Frameworks */ = {
			isa = PBXShellScriptBuildPhase;
			buildActionMask = 2147483647;
			files = (
			);
			inputPaths = (
			);
			name = "[CP] Embed Pods Frameworks";
			outputPaths = (
			);
			runOnlyForDeploymentPostprocessing = 0;
			shellPath = /bin/sh;
			shellScript = "\"${SRCROOT}/Pods/Target Support Files/Pods-TwitterDemoUITests/Pods-TwitterDemoUITests-frameworks.sh\"\n";
			showEnvVarsInLog = 0;
		};
		F97BC206ED4F1F77E404E7C0 /* [CP] Check Pods Manifest.lock */ = {
			isa = PBXShellScriptBuildPhase;
			buildActionMask = 2147483647;
			files = (
			);
			inputPaths = (
				"${PODS_PODFILE_DIR_PATH}/Podfile.lock",
				"${PODS_ROOT}/Manifest.lock",
			);
			name = "[CP] Check Pods Manifest.lock";
			outputPaths = (
				"$(DERIVED_FILE_DIR)/Pods-TwitterDemoTests-checkManifestLockResult.txt",
			);
			runOnlyForDeploymentPostprocessing = 0;
			shellPath = /bin/sh;
			shellScript = "diff \"${PODS_PODFILE_DIR_PATH}/Podfile.lock\" \"${PODS_ROOT}/Manifest.lock\" > /dev/null\nif [ $? != 0 ] ; then\n    # print error to STDERR\n    echo \"error: The sandbox is not in sync with the Podfile.lock. Run 'pod install' or update your CocoaPods installation.\" >&2\n    exit 1\nfi\n# This output is used by Xcode 'outputs' to avoid re-running this script phase.\necho \"SUCCESS\" > \"${SCRIPT_OUTPUT_FILE_0}\"\n";
			showEnvVarsInLog = 0;
		};
/* End PBXShellScriptBuildPhase section */

/* Begin PBXSourcesBuildPhase section */
		1C562BD41F7A63E5000C0C4A /* Sources */ = {
			isa = PBXSourcesBuildPhase;
			buildActionMask = 2147483647;
			files = (
				1C5FDFB31F7A6FFC001D8713 /* HomeDataSourceController.swift in Sources */,
				1C562BDC1F7A63E5000C0C4A /* AppDelegate.swift in Sources */,
				1C5FDFB91F7A7C77001D8713 /* Cell.swift in Sources */,
				1C5FDFBB1F7A7CA6001D8713 /* HomeDataSource.swift in Sources */,
			);
			runOnlyForDeploymentPostprocessing = 0;
		};
		1C562BE81F7A63E5000C0C4A /* Sources */ = {
			isa = PBXSourcesBuildPhase;
			buildActionMask = 2147483647;
			files = (
				1C562BF11F7A63E5000C0C4A /* TwitterDemoTests.swift in Sources */,
			);
			runOnlyForDeploymentPostprocessing = 0;
		};
		1C562BF31F7A63E5000C0C4A /* Sources */ = {
			isa = PBXSourcesBuildPhase;
			buildActionMask = 2147483647;
			files = (
				1C562BFC1F7A63E5000C0C4A /* TwitterDemoUITests.swift in Sources */,
			);
			runOnlyForDeploymentPostprocessing = 0;
		};
/* End PBXSourcesBuildPhase section */

/* Begin PBXTargetDependency section */
		1C562BEE1F7A63E5000C0C4A /* PBXTargetDependency */ = {
			isa = PBXTargetDependency;
			target = 1C562BD71F7A63E5000C0C4A /* TwitterDemo */;
			targetProxy = 1C562BED1F7A63E5000C0C4A /* PBXContainerItemProxy */;
		};
		1C562BF91F7A63E5000C0C4A /* PBXTargetDependency */ = {
			isa = PBXTargetDependency;
			target = 1C562BD71F7A63E5000C0C4A /* TwitterDemo */;
			targetProxy = 1C562BF81F7A63E5000C0C4A /* PBXContainerItemProxy */;
		};
/* End PBXTargetDependency section */

/* Begin PBXVariantGroup section */
		1C562BE41F7A63E5000C0C4A /* LaunchScreen.storyboard */ = {
			isa = PBXVariantGroup;
			children = (
				1C562BE51F7A63E5000C0C4A /* Base */,
			);
			name = LaunchScreen.storyboard;
			sourceTree = "<group>";
		};
/* End PBXVariantGroup section */

/* Begin XCBuildConfiguration section */
		1C562BFE1F7A63E6000C0C4A /* Debug */ = {
			isa = XCBuildConfiguration;
			buildSettings = {
				ALWAYS_SEARCH_USER_PATHS = NO;
				CLANG_ANALYZER_NONNULL = YES;
				CLANG_ANALYZER_NUMBER_OBJECT_CONVERSION = YES_AGGRESSIVE;
				CLANG_CXX_LANGUAGE_STANDARD = "gnu++14";
				CLANG_CXX_LIBRARY = "libc++";
				CLANG_ENABLE_MODULES = YES;
				CLANG_ENABLE_OBJC_ARC = YES;
				CLANG_WARN_BLOCK_CAPTURE_AUTORELEASING = YES;
				CLANG_WARN_BOOL_CONVERSION = YES;
				CLANG_WARN_COMMA = YES;
				CLANG_WARN_CONSTANT_CONVERSION = YES;
				CLANG_WARN_DIRECT_OBJC_ISA_USAGE = YES_ERROR;
				CLANG_WARN_DOCUMENTATION_COMMENTS = YES;
				CLANG_WARN_EMPTY_BODY = YES;
				CLANG_WARN_ENUM_CONVERSION = YES;
				CLANG_WARN_INFINITE_RECURSION = YES;
				CLANG_WARN_INT_CONVERSION = YES;
				CLANG_WARN_NON_LITERAL_NULL_CONVERSION = YES;
				CLANG_WARN_OBJC_LITERAL_CONVERSION = YES;
				CLANG_WARN_OBJC_ROOT_CLASS = YES_ERROR;
				CLANG_WARN_RANGE_LOOP_ANALYSIS = YES;
				CLANG_WARN_STRICT_PROTOTYPES = YES;
				CLANG_WARN_SUSPICIOUS_MOVE = YES;
				CLANG_WARN_UNGUARDED_AVAILABILITY = YES_AGGRESSIVE;
				CLANG_WARN_UNREACHABLE_CODE = YES;
				CLANG_WARN__DUPLICATE_METHOD_MATCH = YES;
				CODE_SIGN_IDENTITY = "iPhone Developer";
				COPY_PHASE_STRIP = NO;
				DEBUG_INFORMATION_FORMAT = dwarf;
				ENABLE_STRICT_OBJC_MSGSEND = YES;
				ENABLE_TESTABILITY = YES;
				GCC_C_LANGUAGE_STANDARD = gnu11;
				GCC_DYNAMIC_NO_PIC = NO;
				GCC_NO_COMMON_BLOCKS = YES;
				GCC_OPTIMIZATION_LEVEL = 0;
				GCC_PREPROCESSOR_DEFINITIONS = (
					"DEBUG=1",
					"$(inherited)",
				);
				GCC_WARN_64_TO_32_BIT_CONVERSION = YES;
				GCC_WARN_ABOUT_RETURN_TYPE = YES_ERROR;
				GCC_WARN_UNDECLARED_SELECTOR = YES;
				GCC_WARN_UNINITIALIZED_AUTOS = YES_AGGRESSIVE;
				GCC_WARN_UNUSED_FUNCTION = YES;
				GCC_WARN_UNUSED_VARIABLE = YES;
				IPHONEOS_DEPLOYMENT_TARGET = 11.0;
				MTL_ENABLE_DEBUG_INFO = YES;
				ONLY_ACTIVE_ARCH = YES;
				SDKROOT = iphoneos;
				SWIFT_ACTIVE_COMPILATION_CONDITIONS = DEBUG;
				SWIFT_OPTIMIZATION_LEVEL = "-Onone";
			};
			name = Debug;
		};
		1C562BFF1F7A63E6000C0C4A /* Release */ = {
			isa = XCBuildConfiguration;
			buildSettings = {
				ALWAYS_SEARCH_USER_PATHS = NO;
				CLANG_ANALYZER_NONNULL = YES;
				CLANG_ANALYZER_NUMBER_OBJECT_CONVERSION = YES_AGGRESSIVE;
				CLANG_CXX_LANGUAGE_STANDARD = "gnu++14";
				CLANG_CXX_LIBRARY = "libc++";
				CLANG_ENABLE_MODULES = YES;
				CLANG_ENABLE_OBJC_ARC = YES;
				CLANG_WARN_BLOCK_CAPTURE_AUTORELEASING = YES;
				CLANG_WARN_BOOL_CONVERSION = YES;
				CLANG_WARN_COMMA = YES;
				CLANG_WARN_CONSTANT_CONVERSION = YES;
				CLANG_WARN_DIRECT_OBJC_ISA_USAGE = YES_ERROR;
				CLANG_WARN_DOCUMENTATION_COMMENTS = YES;
				CLANG_WARN_EMPTY_BODY = YES;
				CLANG_WARN_ENUM_CONVERSION = YES;
				CLANG_WARN_INFINITE_RECURSION = YES;
				CLANG_WARN_INT_CONVERSION = YES;
				CLANG_WARN_NON_LITERAL_NULL_CONVERSION = YES;
				CLANG_WARN_OBJC_LITERAL_CONVERSION = YES;
				CLANG_WARN_OBJC_ROOT_CLASS = YES_ERROR;
				CLANG_WARN_RANGE_LOOP_ANALYSIS = YES;
				CLANG_WARN_STRICT_PROTOTYPES = YES;
				CLANG_WARN_SUSPICIOUS_MOVE = YES;
				CLANG_WARN_UNGUARDED_AVAILABILITY = YES_AGGRESSIVE;
				CLANG_WARN_UNREACHABLE_CODE = YES;
				CLANG_WARN__DUPLICATE_METHOD_MATCH = YES;
				CODE_SIGN_IDENTITY = "iPhone Developer";
				COPY_PHASE_STRIP = NO;
				DEBUG_INFORMATION_FORMAT = "dwarf-with-dsym";
				ENABLE_NS_ASSERTIONS = NO;
				ENABLE_STRICT_OBJC_MSGSEND = YES;
				GCC_C_LANGUAGE_STANDARD = gnu11;
				GCC_NO_COMMON_BLOCKS = YES;
				GCC_WARN_64_TO_32_BIT_CONVERSION = YES;
				GCC_WARN_ABOUT_RETURN_TYPE = YES_ERROR;
				GCC_WARN_UNDECLARED_SELECTOR = YES;
				GCC_WARN_UNINITIALIZED_AUTOS = YES_AGGRESSIVE;
				GCC_WARN_UNUSED_FUNCTION = YES;
				GCC_WARN_UNUSED_VARIABLE = YES;
				IPHONEOS_DEPLOYMENT_TARGET = 11.0;
				MTL_ENABLE_DEBUG_INFO = NO;
				SDKROOT = iphoneos;
				SWIFT_OPTIMIZATION_LEVEL = "-Owholemodule";
				VALIDATE_PRODUCT = YES;
			};
			name = Release;
		};
		1C562C011F7A63E6000C0C4A /* Debug */ = {
			isa = XCBuildConfiguration;
			baseConfigurationReference = 520B60FAA75D56920C568B71 /* Pods-TwitterDemo.debug.xcconfig */;
			buildSettings = {
				ASSETCATALOG_COMPILER_APPICON_NAME = AppIcon;
				CODE_SIGN_STYLE = Automatic;
				DEVELOPMENT_TEAM = 727LU7R6S4;
				INFOPLIST_FILE = TwitterDemo/Info.plist;
				LD_RUNPATH_SEARCH_PATHS = "$(inherited) @executable_path/Frameworks";
				PRODUCT_BUNDLE_IDENTIFIER = test.danish.TwitterDemo;
				PRODUCT_NAME = "$(TARGET_NAME)";
				SWIFT_VERSION = 4.0;
				TARGETED_DEVICE_FAMILY = "1,2";
			};
			name = Debug;
		};
		1C562C021F7A63E6000C0C4A /* Release */ = {
			isa = XCBuildConfiguration;
			baseConfigurationReference = 7A3184DB92FF55D9B821B3A5 /* Pods-TwitterDemo.release.xcconfig */;
			buildSettings = {
				ASSETCATALOG_COMPILER_APPICON_NAME = AppIcon;
				CODE_SIGN_STYLE = Automatic;
				DEVELOPMENT_TEAM = 727LU7R6S4;
				INFOPLIST_FILE = TwitterDemo/Info.plist;
				LD_RUNPATH_SEARCH_PATHS = "$(inherited) @executable_path/Frameworks";
				PRODUCT_BUNDLE_IDENTIFIER = test.danish.TwitterDemo;
				PRODUCT_NAME = "$(TARGET_NAME)";
				SWIFT_VERSION = 4.0;
				TARGETED_DEVICE_FAMILY = "1,2";
			};
			name = Release;
		};
		1C562C041F7A63E6000C0C4A /* Debug */ = {
			isa = XCBuildConfiguration;
			baseConfigurationReference = BA73F0081C52CAA7BDF8D132 /* Pods-TwitterDemoTests.debug.xcconfig */;
			buildSettings = {
				ALWAYS_EMBED_SWIFT_STANDARD_LIBRARIES = YES;
				BUNDLE_LOADER = "$(TEST_HOST)";
				CODE_SIGN_STYLE = Automatic;
				DEVELOPMENT_TEAM = 727LU7R6S4;
				INFOPLIST_FILE = TwitterDemoTests/Info.plist;
				LD_RUNPATH_SEARCH_PATHS = "$(inherited) @executable_path/Frameworks @loader_path/Frameworks";
				PRODUCT_BUNDLE_IDENTIFIER = test.danish.TwitterDemoTests;
				PRODUCT_NAME = "$(TARGET_NAME)";
				SWIFT_VERSION = 4.0;
				TARGETED_DEVICE_FAMILY = "1,2";
				TEST_HOST = "$(BUILT_PRODUCTS_DIR)/TwitterDemo.app/TwitterDemo";
			};
			name = Debug;
		};
		1C562C051F7A63E6000C0C4A /* Release */ = {
			isa = XCBuildConfiguration;
			baseConfigurationReference = F405731F8265B6F74C3A42B7 /* Pods-TwitterDemoTests.release.xcconfig */;
			buildSettings = {
				ALWAYS_EMBED_SWIFT_STANDARD_LIBRARIES = YES;
				BUNDLE_LOADER = "$(TEST_HOST)";
				CODE_SIGN_STYLE = Automatic;
				DEVELOPMENT_TEAM = 727LU7R6S4;
				INFOPLIST_FILE = TwitterDemoTests/Info.plist;
				LD_RUNPATH_SEARCH_PATHS = "$(inherited) @executable_path/Frameworks @loader_path/Frameworks";
				PRODUCT_BUNDLE_IDENTIFIER = test.danish.TwitterDemoTests;
				PRODUCT_NAME = "$(TARGET_NAME)";
				SWIFT_VERSION = 4.0;
				TARGETED_DEVICE_FAMILY = "1,2";
				TEST_HOST = "$(BUILT_PRODUCTS_DIR)/TwitterDemo.app/TwitterDemo";
			};
			name = Release;
		};
		1C562C071F7A63E6000C0C4A /* Debug */ = {
			isa = XCBuildConfiguration;
			baseConfigurationReference = 2846CB406F180A4AFA4E03C8 /* Pods-TwitterDemoUITests.debug.xcconfig */;
			buildSettings = {
				ALWAYS_EMBED_SWIFT_STANDARD_LIBRARIES = YES;
				CODE_SIGN_STYLE = Automatic;
				DEVELOPMENT_TEAM = 727LU7R6S4;
				INFOPLIST_FILE = TwitterDemoUITests/Info.plist;
				LD_RUNPATH_SEARCH_PATHS = "$(inherited) @executable_path/Frameworks @loader_path/Frameworks";
				PRODUCT_BUNDLE_IDENTIFIER = test.danish.TwitterDemoUITests;
				PRODUCT_NAME = "$(TARGET_NAME)";
				SWIFT_VERSION = 4.0;
				TARGETED_DEVICE_FAMILY = "1,2";
				TEST_TARGET_NAME = TwitterDemo;
			};
			name = Debug;
		};
		1C562C081F7A63E6000C0C4A /* Release */ = {
			isa = XCBuildConfiguration;
			baseConfigurationReference = DA2BF5C792A3315B2335C5F3 /* Pods-TwitterDemoUITests.release.xcconfig */;
			buildSettings = {
				ALWAYS_EMBED_SWIFT_STANDARD_LIBRARIES = YES;
				CODE_SIGN_STYLE = Automatic;
				DEVELOPMENT_TEAM = 727LU7R6S4;
				INFOPLIST_FILE = TwitterDemoUITests/Info.plist;
				LD_RUNPATH_SEARCH_PATHS = "$(inherited) @executable_path/Frameworks @loader_path/Frameworks";
				PRODUCT_BUNDLE_IDENTIFIER = test.danish.TwitterDemoUITests;
				PRODUCT_NAME = "$(TARGET_NAME)";
				SWIFT_VERSION = 4.0;
				TARGETED_DEVICE_FAMILY = "1,2";
				TEST_TARGET_NAME = TwitterDemo;
			};
			name = Release;
		};
/* End XCBuildConfiguration section */

/* Begin XCConfigurationList section */
		1C562BD31F7A63E5000C0C4A /* Build configuration list for PBXProject "TwitterDemo" */ = {
			isa = XCConfigurationList;
			buildConfigurations = (
				1C562BFE1F7A63E6000C0C4A /* Debug */,
				1C562BFF1F7A63E6000C0C4A /* Release */,
			);
			defaultConfigurationIsVisible = 0;
			defaultConfigurationName = Release;
		};
		1C562C001F7A63E6000C0C4A /* Build configuration list for PBXNativeTarget "TwitterDemo" */ = {
			isa = XCConfigurationList;
			buildConfigurations = (
				1C562C011F7A63E6000C0C4A /* Debug */,
				1C562C021F7A63E6000C0C4A /* Release */,
			);
			defaultConfigurationIsVisible = 0;
			defaultConfigurationName = Release;
		};
		1C562C031F7A63E6000C0C4A /* Build configuration list for PBXNativeTarget "TwitterDemoTests" */ = {
			isa = XCConfigurationList;
			buildConfigurations = (
				1C562C041F7A63E6000C0C4A /* Debug */,
				1C562C051F7A63E6000C0C4A /* Release */,
			);
			defaultConfigurationIsVisible = 0;
			defaultConfigurationName = Release;
		};
		1C562C061F7A63E6000C0C4A /* Build configuration list for PBXNativeTarget "TwitterDemoUITests" */ = {
			isa = XCConfigurationList;
			buildConfigurations = (
				1C562C071F7A63E6000C0C4A /* Debug */,
				1C562C081F7A63E6000C0C4A /* Release */,
			);
			defaultConfigurationIsVisible = 0;
			defaultConfigurationName = Release;
		};
/* End XCConfigurationList section */
	};
	rootObject = 1C562BD01F7A63E5000C0C4A /* Project object */;
}
